// !$*UTF8*$!
{
	archiveVersion = 1;
	classes = {
	};
	objectVersion = 56;
	objects = {

/* Begin PBXBuildFile section */
		DB4A1A7C2A1B3C9A00E8C8D8 /* AudioRouterApp.swift in Sources */ = {isa = PBXBuildFile; fileRef = DB4A1A7B2A1B3C9A00E8C8D8 /* AudioRouterApp.swift */; };
		DB4A1A7E2A1B3C9A00E8C8D8 /* ContentView.swift in Sources */ = {isa = PBXBuildFile; fileRef = DB4A1A7D2A1B3C9A00E8C8D8 /* ContentView.swift */; };
		DB4A1A802A1B3C9C00E8C8D8 /* Assets.xcassets in Resources */ = {isa = PBXBuildFile; fileRef = DB4A1A7F2A1B3C9C00E8C8D8 /* Assets.xcassets */; };
		DB4A1A832A1B3C9C00E8C8D8 /* Preview Assets.xcassets in Resources */ = {isa = PBXBuildFile; fileRef = DB4A1A822A1B3C9C00E8C8D8 /* Preview Assets.xcassets */; };
		DB4A1A8B2A1B3CB000E8C8D8 /* AudioRouter.swift in Sources */ = {isa = PBXBuildFile; fileRef = DB4A1A8A2A1B3CB000E8C8D8 /* AudioRouter.swift */; };
		DB4A1A8D2A1B3CC000E8C8D8 /* AudioEngine.swift in Sources */ = {isa = PBXBuildFile; fileRef = DB4A1A8C2A1B3CC000E8C8D8 /* AudioEngine.swift */; };
		DB4A1A8F2A1B3CD000E8C8D8 /* AudioDeviceInfo.swift in Sources */ = {isa = PBXBuildFile; fileRef = DB4A1A8E2A1B3CD000E8C8D8 /* AudioDeviceInfo.swift */; };
		DB4A1A912A1B3CE000E8C8D8 /* AudioRouterViewModel.swift in Sources */ = {isa = PBXBuildFile; fileRef = DB4A1A902A1B3CE000E8C8D8 /* AudioRouterViewModel.swift */; };
/* End PBXBuildFile section */

/* Begin PBXFileReference section */
		DB4A1A782A1B3C9A00E8C8D8 /* SesYonlendirici.app */ = {isa = PBXFileReference; explicitFileType = wrapper.application; includeInIndex = 0; path = SesYonlendirici.app; sourceTree = BUILT_PRODUCTS_DIR; };
		DB4A1A7B2A1B3C9A00E8C8D8 /* AudioRouterApp.swift */ = {isa = PBXFileReference; lastKnownFileType = sourcecode.swift; path = AudioRouterApp.swift; sourceTree = "<group>"; };
		DB4A1A7D2A1B3C9A00E8C8D8 /* ContentView.swift */ = {isa = PBXFileReference; lastKnownFileType = sourcecode.swift; path = ContentView.swift; sourceTree = "<group>"; };
		DB4A1A7F2A1B3C9C00E8C8D8 /* Assets.xcassets */ = {isa = PBXFileReference; lastKnownFileType = folder.assetcatalog; path = Assets.xcassets; sourceTree = "<group>"; };
		DB4A1A822A1B3C9C00E8C8D8 /* Preview Assets.xcassets */ = {isa = PBXFileReference; lastKnownFileType = folder.assetcatalog; path = "Preview Assets.xcassets"; sourceTree = "<group>"; };
		DB4A1A842A1B3C9C00E8C8D8 /* SesYonlendirici.entitlements */ = {isa = PBXFileReference; lastKnownFileType = text.plist.entitlements; path = SesYonlendirici.entitlements; sourceTree = "<group>"; };
		DB4A1A8A2A1B3CB000E8C8D8 /* AudioRouter.swift */ = {isa = PBXFileReference; lastKnownFileType = sourcecode.swift; path = AudioRouter.swift; sourceTree = "<group>"; };
		DB4A1A8C2A1B3CC000E8C8D8 /* AudioEngine.swift */ = {isa = PBXFileReference; lastKnownFileType = sourcecode.swift; path = AudioEngine.swift; sourceTree = "<group>"; };
		DB4A1A8E2A1B3CD000E8C8D8 /* AudioDeviceInfo.swift */ = {isa = PBXFileReference; lastKnownFileType = sourcecode.swift; path = AudioDeviceInfo.swift; sourceTree = "<group>"; };
		DB4A1A902A1B3CE000E8C8D8 /* AudioRouterViewModel.swift */ = {isa = PBXFileReference; lastKnownFileType = sourcecode.swift; path = AudioRouterViewModel.swift; sourceTree = "<group>"; };
		DB4A1A922A1B3CF000E8C8D8 /* Info.plist */ = {isa = PBXFileReference; lastKnownFileType = text.plist; path = Info.plist; sourceTree = "<group>"; };
		DB4A1A932A1B3D0000E8C8D8 /* README.md */ = {isa = PBXFileReference; lastKnownFileType = net.daringfireball.markdown; path = README.md; sourceTree = "<group>"; };
/* End PBXFileReference section */

/* Begin PBXFrameworksBuildPhase section */
		DB4A1A752A1B3C9A00E8C8D8 /* Frameworks */ = {
			isa = PBXFrameworksBuildPhase;
			buildActionMask = 2147483647;
			files = (
			);
			runOnlyForDeploymentPostprocessing = 0;
		};
/* End PBXFrameworksBuildPhase section */

/* Begin PBXGroup section */
		DB4A1A6F2A1B3C9A00E8C8D8 = {
			isa = PBXGroup;
			children = (
				DB4A1A932A1B3D0000E8C8D8 /* README.md */,
				DB4A1A7A2A1B3C9A00E8C8D8 /* SesYonlendirici */,
				DB4A1A792A1B3C9A00E8C8D8 /* Products */,
			);
			sourceTree = "<group>";
		};
		DB4A1A792A1B3C9A00E8C8D8 /* Products */ = {
			isa = PBXGroup;
			children = (
				DB4A1A782A1B3C9A00E8C8D8 /* SesYonlendirici.app */,
			);
			name = Products;
			sourceTree = "<group>";
		};
		DB4A1A7A2A1B3C9A00E8C8D8 /* SesYonlendirici */ = {
			isa = PBXGroup;
			children = (
				DB4A1A922A1B3CF000E8C8D8 /* Info.plist */,
				DB4A1A7B2A1B3C9A00E8C8D8 /* AudioRouterApp.swift */,
				DB4A1A7D2A1B3C9A00E8C8D8 /* ContentView.swift */,
				DB4A1A8A2A1B3CB000E8C8D8 /* AudioRouter.swift */,
				DB4A1A8C2A1B3CC000E8C8D8 /* AudioEngine.swift */,
				DB4A1A8E2A1B3CD000E8C8D8 /* AudioDeviceInfo.swift */,
				DB4A1A902A1B3CE000E8C8D8 /* AudioRouterViewModel.swift */,
				DB4A1A7F2A1B3C9C00E8C8D8 /* Assets.xcassets */,
				DB4A1A842A1B3C9C00E8C8D8 /* SesYonlendirici.entitlements */,
				DB4A1A812A1B3C9C00E8C8D8 /* Preview Content */,
			);
			path = SesYonlendirici;
			sourceTree = "<group>";
		};
		DB4A1A812A1B3C9C00E8C8D8 /* Preview Content */ = {
			isa = PBXGroup;
			children = (
				DB4A1A822A1B3C9C00E8C8D8 /* Preview Assets.xcassets */,
			);
			path = "Preview Content";
			sourceTree = "<group>";
		};
/* End PBXGroup section */

/* Begin PBXNativeTarget section */
		DB4A1A772A1B3C9A00E8C8D8 /* SesYonlendirici */ = {
			isa = PBXNativeTarget;
			buildConfigurationList = DB4A1A872A1B3C9C00E8C8D8 /* Build configuration list for PBXNativeTarget "SesYonlendirici" */;
			buildPhases = (
				DB4A1A742A1B3C9A00E8C8D8 /* Sources */,
				DB4A1A752A1B3C9A00E8C8D8 /* Frameworks */,
				DB4A1A762A1B3C9A00E8C8D8 /* Resources */,
			);
			buildRules = (
			);
			dependencies = (
			);
			name = SesYonlendirici;
			productName = SesYonlendirici;
			productReference = DB4A1A782A1B3C9A00E8C8D8 /* SesYonlendirici.app */;
			productType = "com.apple.product-type.application";
		};
/* End PBXNativeTarget section */

/* Begin PBXProject section */
		DB4A1A702A1B3C9A00E8C8D8 /* Project object */ = {
			isa = PBXProject;
			attributes = {
				BuildIndependentTargetsInParallel = 1;
				LastSwiftUpdateCheck = 1500;
				LastUpgradeCheck = 1500;
				TargetAttributes = {
					DB4A1A772A1B3C9A00E8C8D8 = {
						CreatedOnToolsVersion = 15.0;
					};
				};
			};
			buildConfigurationList = DB4A1A732A1B3C9A00E8C8D8 /* Build configuration list for PBXProject "SesYonlendirici" */;
			compatibilityVersion = "Xcode 14.0";
			developmentRegion = tr;
			hasScannedForEncodings = 0;
			knownRegions = (
				tr,
				Base,
			);
			mainGroup = DB4A1A6F2A1B3C9A00E8C8D8;
			productRefGroup = DB4A1A792A1B3C9A00E8C8D8 /* Products */;
			projectDirPath = "";
			projectRoot = "";
			targets = (
				DB4A1A772A1B3C9A00E8C8D8 /* SesYonlendirici */,
			);
		};
/* End PBXProject section */

/* Begin PBXResourcesBuildPhase section */
		DB4A1A762A1B3C9A00E8C8D8 /* Resources */ = {
			isa = PBXResourcesBuildPhase;
			buildActionMask = 2147483647;
			files = (
				DB4A1A832A1B3C9C00E8C8D8 /* Preview Assets.xcassets in Resources */,
				DB4A1A802A1B3C9C00E8C8D8 /* Assets.xcassets in Resources */,
			);
			runOnlyForDeploymentPostprocessing = 0;
		};
/* End PBXResourcesBuildPhase section */

/* Begin PBXSourcesBuildPhase section */
		DB4A1A742A1B3C9A00E8C8D8 /* Sources */ = {
			isa = PBXSourcesBuildPhase;
			buildActionMask = 2147483647;
			files = (
				DB4A1A8B2A1B3CB000E8C8D8 /* AudioRouter.swift in Sources */,
				DB4A1A8F2A1B3CD000E8C8D8 /* AudioDeviceInfo.swift in Sources */,
				DB4A1A7E2A1B3C9A00E8C8D8 /* ContentView.swift in Sources */,
				DB4A1A912A1B3CE000E8C8D8 /* AudioRouterViewModel.swift in Sources */,
				DB4A1A8D2A1B3CC000E8C8D8 /* AudioEngine.swift in Sources */,
				DB4A1A7C2A1B3C9A00E8C8D8 /* AudioRouterApp.swift in Sources */,
			);
			runOnlyForDeploymentPostprocessing = 0;
		};
/* End PBXSourcesBuildPhase section */

/* Begin XCBuildConfiguration section */
		DB4A1A852A1B3C9C00E8C8D8 /* Debug */ = {
			isa = XCBuildConfiguration;
			buildSettings = {
				ALWAYS_SEARCH_USER_PATHS = NO;
				ASSETCATALOG_COMPILER_GENERATE_SWIFT_ASSET_SYMBOL_EXTENSIONS = YES;
				CLANG_ANALYZER_NONNULL = YES;
				CLANG_ANALYZER_NUMBER_OBJECT_CONVERSION = YES_AGGRESSIVE;
				CLANG_CXX_LANGUAGE_STANDARD = "gnu++20";
				CLANG_ENABLE_MODULES = YES;
				CLANG_ENABLE_OBJC_ARC = YES;
				CLANG_ENABLE_OBJC_WEAK = YES;
				CLANG_WARN_BLOCK_CAPTURE_AUTORELEASING = YES;
				CLANG_WARN_BOOL_CONVERSION = YES;
				CLANG_WARN_COMMA = YES;
				CLANG_WARN_CONSTANT_CONVERSION = YES;
				CLANG_WARN_DEPRECATED_OBJC_IMPLEMENTATIONS = YES;
				CLANG_WARN_DIRECT_OBJC_ISA_USAGE = YES_ERROR;
				CLANG_WARN_DOCUMENTATION_COMMENTS = YES;
				CLANG_WARN_EMPTY_BODY = YES;
				CLANG_WARN_ENUM_CONVERSION = YES;
				CLANG_WARN_INFINITE_RECURSION = YES;
				CLANG_WARN_INT_CONVERSION = YES;
				CLANG_WARN_NON_LITERAL_NULL_CONVERSION = YES;
				CLANG_WARN_OBJC_IMPLICIT_RETAIN_SELF = YES;
				CLANG_WARN_OBJC_LITERAL_CONVERSION = YES;
				CLANG_WARN_OBJC_ROOT_CLASS = YES_ERROR;
				CLANG_WARN_QUOTED_INCLUDE_IN_FRAMEWORK_HEADER = YES;
				CLANG_WARN_RANGE_LOOP_ANALYSIS = YES;
				CLANG_WARN_STRICT_PROTOTYPES = YES;
				CLANG_WARN_SUSPICIOUS_MOVE = YES;
				CLANG_WARN_UNGUARDED_AVAILABILITY = YES_AGGRESSIVE;
				CLANG_WARN_UNREACHABLE_CODE = YES;
				CLANG_WARN__DUPLICATE_METHOD_MATCH = YES;
				COPY_PHASE_STRIP = NO;
				DEBUG_INFORMATION_FORMAT = dwarf;
				ENABLE_STRICT_OBJC_MSGSEND = YES;
				ENABLE_TESTABILITY = YES;
				ENABLE_USER_SCRIPT_SANDBOXING = YES;
				GCC_C_LANGUAGE_STANDARD = gnu17;
				GCC_DYNAMIC_NO_PIC = NO;
				GCC_NO_COMMON_BLOCKS = YES;
				GCC_OPTIMIZATION_LEVEL = 0;
				GCC_PREPROCESSOR_DEFINITIONS = (
					"DEBUG=1",
					"$(inherited)",
				);
				GCC_WARN_64_TO_32_BIT_CONVERSION = YES;
				GCC_WARN_ABOUT_RETURN_TYPE = YES_ERROR;
				GCC_WARN_UNDECLARED_SELECTOR = YES;
				GCC_WARN_UNINITIALIZED_AUTOS = YES_AGGRESSIVE;
				GCC_WARN_UNUSED_FUNCTION = YES;
				GCC_WARN_UNUSED_VARIABLE = YES;
				LOCALIZATION_PREFERS_STRING_CATALOGS = YES;
				MACOSX_DEPLOYMENT_TARGET = 11.0;
				MTL_ENABLE_DEBUG_INFO = INCLUDE_SOURCE;
				MTL_FAST_MATH = YES;
				ONLY_ACTIVE_ARCH = YES;
				SDKROOT = macosx;
				SWIFT_ACTIVE_COMPILATION_CONDITIONS = "DEBUG $(inherited)";
				SWIFT_OPTIMIZATION_LEVEL = "-Onone";
			};
			name = Debug;
		};
		DB4A1A862A1B3C9C00E8C8D8 /* Release */ = {
			isa = XCBuildConfiguration;
			buildSettings = {
				ALWAYS_SEARCH_USER_PATHS = NO;
				ASSETCATALOG_COMPILER_GENERATE_SWIFT_ASSET_SYMBOL_EXTENSIONS = YES;
				CLANG_ANALYZER_NONNULL = YES;
				CLANG_ANALYZER_NUMBER_OBJECT_CONVERSION = YES_AGGRESSIVE;
				CLANG_CXX_LANGUAGE_STANDARD = "gnu++20";
				CLANG_ENABLE_MODULES = YES;
				CLANG_ENABLE_OBJC_ARC = YES;
				CLANG_ENABLE_OBJC_WEAK = YES;
				CLANG_WARN_BLOCK_CAPTURE_AUTORELEASING = YES;
				CLANG_WARN_BOOL_CONVERSION = YES;
				CLANG_WARN_COMMA = YES;
				CLANG_WARN_CONSTANT_CONVERSION = YES;
				CLANG_WARN_DEPRECATED_OBJC_IMPLEMENTATIONS = YES;
				CLANG_WARN_DIRECT_OBJC_ISA_USAGE = YES_ERROR;
				CLANG_WARN_DOCUMENTATION_COMMENTS = YES;
				CLANG_WARN_EMPTY_BODY = YES;
				CLANG_WARN_ENUM_CONVERSION = YES;
				CLANG_WARN_INFINITE_RECURSION = YES;
				CLANG_WARN_INT_CONVERSION = YES;
				CLANG_WARN_NON_LITERAL_NULL_CONVERSION = YES;
				CLANG_WARN_OBJC_IMPLICIT_RETAIN_SELF = YES;
				CLANG_WARN_OBJC_LITERAL_CONVERSION = YES;
				CLANG_WARN_OBJC_ROOT_CLASS = YES_ERROR;
				CLANG_WARN_QUOTED_INCLUDE_IN_FRAMEWORK_HEADER = YES;
				CLANG_WARN_RANGE_LOOP_ANALYSIS = YES;
				CLANG_WARN_STRICT_PROTOTYPES = YES;
				CLANG_WARN_SUSPICIOUS_MOVE = YES;
				CLANG_WARN_UNGUARDED_AVAILABILITY = YES_AGGRESSIVE;
				CLANG_WARN_UNREACHABLE_CODE = YES;
				CLANG_WARN__DUPLICATE_METHOD_MATCH = YES;
				COPY_PHASE_STRIP = NO;
				DEBUG_INFORMATION_FORMAT = "dwarf-with-dsym";
				ENABLE_NS_ASSERTIONS = NO;
				ENABLE_STRICT_OBJC_MSGSEND = YES;
				ENABLE_USER_SCRIPT_SANDBOXING = YES;
				GCC_C_LANGUAGE_STANDARD = gnu17;
				GCC_NO_COMMON_BLOCKS = YES;
				GCC_WARN_64_TO_32_BIT_CONVERSION = YES;
				GCC_WARN_ABOUT_RETURN_TYPE = YES_ERROR;
				GCC_WARN_UNDECLARED_SELECTOR = YES;
				GCC_WARN_UNINITIALIZED_AUTOS = YES_AGGRESSIVE;
				GCC_WARN_UNUSED_FUNCTION = YES;
				GCC_WARN_UNUSED_VARIABLE = YES;
				LOCALIZATION_PREFERS_STRING_CATALOGS = YES;
				MACOSX_DEPLOYMENT_TARGET = 11.0;
				MTL_ENABLE_DEBUG_INFO = NO;
				MTL_FAST_MATH = YES;
				SDKROOT = macosx;
				SWIFT_COMPILATION_MODE = wholemodule;
			};
			name = Release;
		};
		DB4A1A882A1B3C9C00E8C8D8 /* Debug */ = {
			isa = XCBuildConfiguration;
			buildSettings = {
				ASSETCATALOG_COMPILER_APPICON_NAME = AppIcon;
				ASSETCATALOG_COMPILER_GLOBAL_ACCENT_COLOR_NAME = AccentColor;
				CODE_SIGN_ENTITLEMENTS = SesYonlendirici/SesYonlendirici.entitlements;
				CODE_SIGN_STYLE = Automatic;
				COMBINE_HIDPI_IMAGES = YES;
				CURRENT_PROJECT_VERSION = 1;
				DEVELOPMENT_ASSET_PATHS = "\"SesYonlendirici/Preview Content\"";
				DEVELOPMENT_TEAM = "";
				ENABLE_HARDENED_RUNTIME = YES;
				ENABLE_PREVIEWS = YES;
				GENERATE_INFOPLIST_FILE = YES;
				INFOPLIST_FILE = SesYonlendirici/Info.plist;
				INFOPLIST_KEY_NSHumanReadableCopyright = "";
				INFOPLIST_KEY_NSMicrophoneUsageDescription = "Bu uygulama, ses yönlendirme için mikrofon erişimine ihtiyaç duyar.";
				LD_RUNPATH_SEARCH_PATHS = (
					"$(inherited)",
					"@executable_path/../Frameworks",
				);
				MACOSX_DEPLOYMENT_TARGET = 11.0;
				MARKETING_VERSION = 1.0;
				PRODUCT_BUNDLE_IDENTIFIER = com.example.SesYonlendirici;
				PRODUCT_NAME = "$(TARGET_NAME)";
				SWIFT_EMIT_LOC_STRINGS = YES;
				SWIFT_VERSION = 5.0;
			};
			name = Debug;
		};
		DB4A1A892A1B3C9C00E8C8D8 /* Release */ = {
			isa = XCBuildConfiguration;
			buildSettings = {
				ASSETCATALOG_COMPILER_APPICON_NAME = AppIcon;
				ASSETCATALOG_COMPILER_GLOBAL_ACCENT_COLOR_NAME = AccentColor;
				CODE_SIGN_ENTITLEMENTS = SesYonlendirici/SesYonlendirici.entitlements;
				CODE_SIGN_STYLE = Automatic;
				COMBINE_HIDPI_IMAGES = YES;
				CURRENT_PROJECT_VERSION = 1;
				DEVELOPMENT_ASSET_PATHS = "\"SesYonlendirici/Preview Content\"";
				DEVELOPMENT_TEAM = "";
				ENABLE_HARDENED_RUNTIME = YES;
				ENABLE_PREVIEWS = YES;
				GENERATE_INFOPLIST_FILE = YES;
				INFOPLIST_FILE = SesYonlendirici/Info.plist;
				INFOPLIST_KEY_NSHumanReadableCopyright = "";
				INFOPLIST_KEY_NSMicrophoneUsageDescription = "Bu uygulama, ses yönlendirme için mikrofon erişimine ihtiyaç duyar.";
				LD_RUNPATH_SEARCH_PATHS = (
					"$(inherited)",
					"@executable_path/../Frameworks",
				);
				MACOSX_DEPLOYMENT_TARGET = 11.0;
				MARKETING_VERSION = 1.0;
				PRODUCT_BUNDLE_IDENTIFIER = com.example.SesYonlendirici;
				PRODUCT_NAME = "$(TARGET_NAME)";
				SWIFT_EMIT_LOC_STRINGS = YES;
				SWIFT_VERSION = 5.0;
			};
			name = Release;
		};
/* End XCBuildConfiguration section */

/* Begin XCConfigurationList section */
		DB4A1A732A1B3C9A00E8C8D8 /* Build configuration list for PBXProject "SesYonlendirici" */ = {
			isa = XCConfigurationList;
			buildConfigurations = (
				DB4A1A852A1B3C9C00E8C8D8 /* Debug */,
				DB4A1A862A1B3C9C00E8C8D8 /* Release */,
			);
			defaultConfigurationIsVisible = 0;
			defaultConfigurationName = Release;
		};
		DB4A1A872A1B3C9C00E8C8D8 /* Build configuration list for PBXNativeTarget "SesYonlendirici" */ = {
			isa = XCConfigurationList;
			buildConfigurations = (
				DB4A1A882A1B3C9C00E8C8D8 /* Debug */,
				DB4A1A892A1B3C9C00E8C8D8 /* Release */,
			);
			defaultConfigurationIsVisible = 0;
			defaultConfigurationName = Release;
		};
/* End XCConfigurationList section */
	};
	rootObject = DB4A1A702A1B3C9A00E8C8D8 /* Project object */;
} 